
Microsoft Visual Studio Solution File, Format Version 12.00
# Visual Studio Version 17
VisualStudioVersion = 17.13.35806.99 d17.13
MinimumVisualStudioVersion = 10.0.40219.1
Project("{FAE04EC0-301F-11D3-BF4B-00C04F79EFBC}") = "super-trunfo", "super-trunfo\super-trunfo.csproj", "{D65D656D-68E8-4082-A5B3-4F0D63A8F04B}"
EndProject
Global
	GlobalSection(SolutionConfigurationPlatforms) = preSolution
		Debug|Any CPU = Debug|Any CPU
		Release|Any CPU = Release|Any CPU
	EndGlobalSection
	GlobalSection(ProjectConfigurationPlatforms) = postSolution
		{D65D656D-68E8-4082-A5B3-4F0D63A8F04B}.Debug|Any CPU.ActiveCfg = Debug|Any CPU
		{D65D656D-68E8-4082-A5B3-4F0D63A8F04B}.Debug|Any CPU.Build.0 = Debug|Any CPU
		{D65D656D-68E8-4082-A5B3-4F0D63A8F04B}.Release|Any CPU.ActiveCfg = Release|Any CPU
		{D65D656D-68E8-4082-A5B3-4F0D63A8F04B}.Release|Any CPU.Build.0 = Release|Any CPU
	EndGlobalSection
	GlobalSection(SolutionProperties) = preSolution
		HideSolutionNode = FALSE
	EndGlobalSection
	GlobalSection(ExtensibilityGlobals) = postSolution
		SolutionGuid = {41EFBB97-B5C2-4AAD-82BC-F8D555982722}
	EndGlobalSection
EndGlobal
